
Microsoft Visual Studio Solution File, Format Version 12.00
# Visual Studio Version 17
VisualStudioVersion = 17.0.32014.148
MinimumVisualStudioVersion = 10.0.40219.1
Project("{FAE04EC0-301F-11D3-BF4B-00C04F79EFBC}") = "Listas", "Listas\Listas.csproj", "{AA0E4A3A-4472-4927-8BF4-410A787547F4}"
EndProject
Global
	GlobalSection(SolutionConfigurationPlatforms) = preSolution
		Debug|Any CPU = Debug|Any CPU
		Release|Any CPU = Release|Any CPU
	EndGlobalSection
	GlobalSection(ProjectConfigurationPlatforms) = postSolution
		{AA0E4A3A-4472-4927-8BF4-410A787547F4}.Debug|Any CPU.ActiveCfg = Debug|Any CPU
		{AA0E4A3A-4472-4927-8BF4-410A787547F4}.Debug|Any CPU.Build.0 = Debug|Any CPU
		{AA0E4A3A-4472-4927-8BF4-410A787547F4}.Release|Any CPU.ActiveCfg = Release|Any CPU
		{AA0E4A3A-4472-4927-8BF4-410A787547F4}.Release|Any CPU.Build.0 = Release|Any CPU
	EndGlobalSection
	GlobalSection(SolutionProperties) = preSolution
		HideSolutionNode = FALSE
	EndGlobalSection
	GlobalSection(ExtensibilityGlobals) = postSolution
		SolutionGuid = {CA81192D-CAB7-4A01-BD45-D8ED388EDA30}
	EndGlobalSection
EndGlobal
