
Microsoft Visual Studio Solution File, Format Version 12.00
# Visual Studio Version 17
VisualStudioVersion = 17.0.32014.148
MinimumVisualStudioVersion = 10.0.40219.1
Project("{FAE04EC0-301F-11D3-BF4B-00C04F79EFBC}") = "poo_constructores", "poo_constructores\poo_constructores.csproj", "{E045B465-64FC-4556-BAE7-C2959ED0196F}"
EndProject
Global
	GlobalSection(SolutionConfigurationPlatforms) = preSolution
		Debug|Any CPU = Debug|Any CPU
		Release|Any CPU = Release|Any CPU
	EndGlobalSection
	GlobalSection(ProjectConfigurationPlatforms) = postSolution
		{E045B465-64FC-4556-BAE7-C2959ED0196F}.Debug|Any CPU.ActiveCfg = Debug|Any CPU
		{E045B465-64FC-4556-BAE7-C2959ED0196F}.Debug|Any CPU.Build.0 = Debug|Any CPU
		{E045B465-64FC-4556-BAE7-C2959ED0196F}.Release|Any CPU.ActiveCfg = Release|Any CPU
		{E045B465-64FC-4556-BAE7-C2959ED0196F}.Release|Any CPU.Build.0 = Release|Any CPU
	EndGlobalSection
	GlobalSection(SolutionProperties) = preSolution
		HideSolutionNode = FALSE
	EndGlobalSection
	GlobalSection(ExtensibilityGlobals) = postSolution
		SolutionGuid = {9AFAD271-30DC-4F85-BFB6-AEF0CCC339AA}
	EndGlobalSection
EndGlobal
