
Microsoft Visual Studio Solution File, Format Version 12.00
# Visual Studio Version 17
VisualStudioVersion = 17.0.32014.148
MinimumVisualStudioVersion = 10.0.40219.1
Project("{FAE04EC0-301F-11D3-BF4B-00C04F79EFBC}") = "area_rectangulo", "ConsoleApp1\area_rectangulo.csproj", "{D4146E9C-539E-4936-B2C9-6C1E9FA3DDDA}"
EndProject
Global
	GlobalSection(SolutionConfigurationPlatforms) = preSolution
		Debug|Any CPU = Debug|Any CPU
		Release|Any CPU = Release|Any CPU
	EndGlobalSection
	GlobalSection(ProjectConfigurationPlatforms) = postSolution
		{D4146E9C-539E-4936-B2C9-6C1E9FA3DDDA}.Debug|Any CPU.ActiveCfg = Debug|Any CPU
		{D4146E9C-539E-4936-B2C9-6C1E9FA3DDDA}.Debug|Any CPU.Build.0 = Debug|Any CPU
		{D4146E9C-539E-4936-B2C9-6C1E9FA3DDDA}.Release|Any CPU.ActiveCfg = Release|Any CPU
		{D4146E9C-539E-4936-B2C9-6C1E9FA3DDDA}.Release|Any CPU.Build.0 = Release|Any CPU
	EndGlobalSection
	GlobalSection(SolutionProperties) = preSolution
		HideSolutionNode = FALSE
	EndGlobalSection
	GlobalSection(ExtensibilityGlobals) = postSolution
		SolutionGuid = {BEFAFB53-37DE-4F90-9C15-DF2254D4F5B8}
	EndGlobalSection
EndGlobal
