
Microsoft Visual Studio Solution File, Format Version 12.00
# Visual Studio Version 17
VisualStudioVersion = 17.0.32014.148
MinimumVisualStudioVersion = 10.0.40219.1
Project("{FAE04EC0-301F-11D3-BF4B-00C04F79EFBC}") = "variable", "variable\variable.csproj", "{807B37E3-EAEE-438A-B15B-020C1D8EDD4B}"
EndProject
Global
	GlobalSection(SolutionConfigurationPlatforms) = preSolution
		Debug|Any CPU = Debug|Any CPU
		Release|Any CPU = Release|Any CPU
	EndGlobalSection
	GlobalSection(ProjectConfigurationPlatforms) = postSolution
		{807B37E3-EAEE-438A-B15B-020C1D8EDD4B}.Debug|Any CPU.ActiveCfg = Debug|Any CPU
		{807B37E3-EAEE-438A-B15B-020C1D8EDD4B}.Debug|Any CPU.Build.0 = Debug|Any CPU
		{807B37E3-EAEE-438A-B15B-020C1D8EDD4B}.Release|Any CPU.ActiveCfg = Release|Any CPU
		{807B37E3-EAEE-438A-B15B-020C1D8EDD4B}.Release|Any CPU.Build.0 = Release|Any CPU
	EndGlobalSection
	GlobalSection(SolutionProperties) = preSolution
		HideSolutionNode = FALSE
	EndGlobalSection
	GlobalSection(ExtensibilityGlobals) = postSolution
		SolutionGuid = {A7D8758B-0F2A-4A3F-8003-4450D44B3B1F}
	EndGlobalSection
EndGlobal
